# This file is autogenerated, do not edit; changes may be undone by the next 'dep ensure'.


[[projects]]
  digest = "1:586ea76dbd0374d6fb649a91d70d652b7fe0ccffb8910a77468e7702e7901f3d"
  name = "github.com/go-stack/stack"
  packages = ["."]
  pruneopts = "UT"
  revision = "2fee6af1a9795aafbe0253a0cfbdf668e1fb8a9a"
  version = "v1.8.0"

[[projects]]
  branch = "master"
  digest = "1:700b1e527116332847452edf9febc0c252c026785a8c3cfa3f68a8eeffb09ee8"
  name = "github.com/golang/snappy"
  packages = ["."]
  pruneopts = "UT"
  revision = "ff6b7dc882cf4cfba7ee0b9f7dcc1ac096c554aa"

[[projects]]
  digest = "1:01a3bf7bc37c96547897d253f8437c89cd8e80ea0211ff5f440fbc19f44cd14e"
  name = "github.com/graphql-go/graphql"
  packages = [
    ".",
    "gqlerrors",
    "language/ast",
    "language/kinds",
    "language/lexer",
    "language/location",
    "language/parser",
    "language/printer",
    "language/source",
    "language/typeInfo",
    "language/visitor",
  ]
  pruneopts = "UT"
  revision = "02caa8943d64d9cd60bd67f2bc163676716bb963"
  version = "v0.7.9"

[[projects]]
  digest = "1:fef0874d72d1f1f1cb61d390980fef4abdfb9d4a52446556e4414627833e3702"
  name = "github.com/graphql-go/handler"
  packages = ["."]
  pruneopts = "UT"
  revision = "c1267356e6539d975e83bbea383c2bbb861dce5b"
  version = "v0.2.3"

[[projects]]
  digest = "1:9be9701967c831fb40a4b8b35c474b0a6e3af1f68ac35ad5fde6c44d71cbf4d1"
  name = "github.com/mongodb/mongo-go-driver"
  packages = [
    "bson",
    "bson/bsoncodec",
    "bson/bsonrw",
    "bson/bsontype",
    "bson/primitive",
    "event",
    "internal",
    "mongo",
    "mongo/options",
    "mongo/readconcern",
    "mongo/readpref",
    "mongo/writeconcern",
    "tag",
    "version",
    "x/bsonx",
    "x/bsonx/bsoncore",
    "x/mongo/driver",
    "x/mongo/driver/auth",
    "x/mongo/driver/auth/internal/gssapi",
    "x/mongo/driver/session",
    "x/mongo/driver/topology",
    "x/mongo/driver/uuid",
    "x/network/address",
    "x/network/command",
    "x/network/compressor",
    "x/network/connection",
    "x/network/connstring",
    "x/network/description",
    "x/network/result",
    "x/network/wiremessage",
  ]
  pruneopts = "UT"
  revision = "e1f3d104525e687eda76125707c9852e429f2730"
  version = "v0.3.0"

[[projects]]
  branch = "master"
  digest = "1:40fdfd6ab85ca32b6935853bbba35935dcb1d796c8135efd85947566c76e662e"
  name = "github.com/xdg/scram"
  packages = ["."]
  pruneopts = "UT"
  revision = "7eeb5667e42c09cb51bf7b7c28aea8c56767da90"

[[projects]]
  branch = "master"
  digest = "1:f5c1d04bc09c644c592b45b9f0bad4030521b1a7d11c7dadbb272d9439fa6e8e"
  name = "github.com/xdg/stringprep"
  packages = ["."]
  pruneopts = "UT"
  revision = "73f8eece6fdcd902c185bf651de50f3828bed5ed"

[[projects]]
  branch = "master"
  digest = "1:f92f6956e4059f6a3efc14924d2dd58ba90da25cc57fe07ae3779ef2f5e0c5f2"
  name = "golang.org/x/crypto"
  packages = ["pbkdf2"]
  pruneopts = "UT"
  revision = "0ec3e9974c59449edd84298612e9f16fa13368e8"

[[projects]]
  branch = "master"
  digest = "1:4692f916cb72b2c295f04841036d85a3f13e96d1cc9e8e4c2c30edebac518053"
  name = "golang.org/x/sync"
  packages = ["semaphore"]
  pruneopts = "UT"
  revision = "43a5402ce75a95522677f77c619865d66b8c57ab"

[[projects]]
  digest = "1:1093f2eb4b344996604f7d8b29a16c5b22ab9e1b25652140d3fede39f640d5cd"
  name = "golang.org/x/text"
  packages = [
    "internal/gen",
    "internal/triegen",
    "internal/ucd",
    "transform",
    "unicode/cldr",
    "unicode/norm",
  ]
  pruneopts = "UT"
  revision = "342b2e1fbaa52c93f31447ad2c6abc048c63e475"
  version = "v0.3.2"

[solve-meta]
  analyzer-name = "dep"
  analyzer-version = 1
  input-imports = [
    "github.com/graphql-go/graphql",
    "github.com/graphql-go/handler",
    "github.com/mongodb/mongo-go-driver/bson",
    "github.com/mongodb/mongo-go-driver/mongo",
  ]
  solver-name = "gps-cdcl"
  solver-version = 1
